
Microsoft Visual Studio Solution File, Format Version 12.00
# Visual Studio Version 17
VisualStudioVersion = 17.14.36623.8 d17.14
MinimumVisualStudioVersion = 10.0.40219.1
Project("{FAE04EC0-301F-11D3-BF4B-00C04F79EFBC}") = "projectFinalAppdev", "projectFinalAppdev\projectFinalAppdev.csproj", "{3A3E7669-3F86-4118-AD95-DD3E2CC477F5}"
EndProject
Global
	GlobalSection(SolutionConfigurationPlatforms) = preSolution
		Debug|Any CPU = Debug|Any CPU
		Release|Any CPU = Release|Any CPU
	EndGlobalSection
	GlobalSection(ProjectConfigurationPlatforms) = postSolution
		{3A3E7669-3F86-4118-AD95-DD3E2CC477F5}.Debug|Any CPU.ActiveCfg = Debug|Any CPU
		{3A3E7669-3F86-4118-AD95-DD3E2CC477F5}.Debug|Any CPU.Build.0 = Debug|Any CPU
		{3A3E7669-3F86-4118-AD95-DD3E2CC477F5}.Release|Any CPU.ActiveCfg = Release|Any CPU
		{3A3E7669-3F86-4118-AD95-DD3E2CC477F5}.Release|Any CPU.Build.0 = Release|Any CPU
	EndGlobalSection
	GlobalSection(SolutionProperties) = preSolution
		HideSolutionNode = FALSE
	EndGlobalSection
	GlobalSection(ExtensibilityGlobals) = postSolution
		SolutionGuid = {3585687C-ECA3-4FB4-B1D2-0A76BA659300}
	EndGlobalSection
EndGlobal
